
Microsoft Visual Studio Solution File, Format Version 12.00
# Visual Studio Version 16
VisualStudioVersion = 16.0.31729.503
MinimumVisualStudioVersion = 10.0.40219.1
Project("{9A19103F-16F7-4668-BE54-9A1E7A4F7556}") = "proiectDAW", "proiectDAW.csproj", "{46E28BDA-ACEA-4AD6-B0F3-B6BBB76FB190}"
EndProject
Project("{9A19103F-16F7-4668-BE54-9A1E7A4F7556}") = "proiectDAW.DAL", "..\proiectDAW.DAL\proiectDAW.DAL.csproj", "{9E122B2C-B4AE-4E5C-A551-664C24780FC3}"
EndProject
Project("{FAE04EC0-301F-11D3-BF4B-00C04F79EFBC}") = "proiectDAW.BLL", "..\proiectDAW.BLL\proiectDAW.BLL.csproj", "{4C0DFEC7-DEB9-46F8-A481-4D8982306B72}"
EndProject
Global
	GlobalSection(SolutionConfigurationPlatforms) = preSolution
		Debug|Any CPU = Debug|Any CPU
		Release|Any CPU = Release|Any CPU
	EndGlobalSection
	GlobalSection(ProjectConfigurationPlatforms) = postSolution
		{46E28BDA-ACEA-4AD6-B0F3-B6BBB76FB190}.Debug|Any CPU.ActiveCfg = Debug|Any CPU
		{46E28BDA-ACEA-4AD6-B0F3-B6BBB76FB190}.Debug|Any CPU.Build.0 = Debug|Any CPU
		{46E28BDA-ACEA-4AD6-B0F3-B6BBB76FB190}.Release|Any CPU.ActiveCfg = Release|Any CPU
		{46E28BDA-ACEA-4AD6-B0F3-B6BBB76FB190}.Release|Any CPU.Build.0 = Release|Any CPU
		{9E122B2C-B4AE-4E5C-A551-664C24780FC3}.Debug|Any CPU.ActiveCfg = Debug|Any CPU
		{9E122B2C-B4AE-4E5C-A551-664C24780FC3}.Debug|Any CPU.Build.0 = Debug|Any CPU
		{9E122B2C-B4AE-4E5C-A551-664C24780FC3}.Release|Any CPU.ActiveCfg = Release|Any CPU
		{9E122B2C-B4AE-4E5C-A551-664C24780FC3}.Release|Any CPU.Build.0 = Release|Any CPU
		{4C0DFEC7-DEB9-46F8-A481-4D8982306B72}.Debug|Any CPU.ActiveCfg = Debug|Any CPU
		{4C0DFEC7-DEB9-46F8-A481-4D8982306B72}.Debug|Any CPU.Build.0 = Debug|Any CPU
		{4C0DFEC7-DEB9-46F8-A481-4D8982306B72}.Release|Any CPU.ActiveCfg = Release|Any CPU
		{4C0DFEC7-DEB9-46F8-A481-4D8982306B72}.Release|Any CPU.Build.0 = Release|Any CPU
	EndGlobalSection
	GlobalSection(SolutionProperties) = preSolution
		HideSolutionNode = FALSE
	EndGlobalSection
	GlobalSection(ExtensibilityGlobals) = postSolution
		SolutionGuid = {CE25934C-29FF-4E6B-87F4-5F83AE60FF41}
	EndGlobalSection
EndGlobal
